
Microsoft Visual Studio Solution File, Format Version 12.00
# Visual Studio 15
VisualStudioVersion = 15.0.28307.438
MinimumVisualStudioVersion = 10.0.40219.1
Project("{FAE04EC0-301F-11D3-BF4B-00C04F79EFBC}") = "Alura.LeilaoOnline.Core", "Alura.LeilaoOnline.Core\Alura.LeilaoOnline.Core.csproj", "{D23061CC-9CBA-4390-8C88-647D354D16C8}"
EndProject
Project("{2150E333-8FDC-42A3-9474-1A3956D46DE8}") = "src", "src", "{60903A30-5CDF-4952-951B-C130AFCDABB1}"
EndProject
Project("{2150E333-8FDC-42A3-9474-1A3956D46DE8}") = "tests", "tests", "{66C3EC9F-54FF-41EF-8AC5-42EEF1EEF5FA}"
EndProject
Project("{FAE04EC0-301F-11D3-BF4B-00C04F79EFBC}") = "Alura.LeilaoOnline.ConsoleApp", "..\Alura.LeilaoOnline.ConsoleApp\Alura.LeilaoOnline.ConsoleApp.csproj", "{3AA12931-28C4-41D5-8B00-DC5068FA8F5C}"
EndProject
Global
	GlobalSection(SolutionConfigurationPlatforms) = preSolution
		Debug|Any CPU = Debug|Any CPU
		Release|Any CPU = Release|Any CPU
	EndGlobalSection
	GlobalSection(ProjectConfigurationPlatforms) = postSolution
		{D23061CC-9CBA-4390-8C88-647D354D16C8}.Debug|Any CPU.ActiveCfg = Debug|Any CPU
		{D23061CC-9CBA-4390-8C88-647D354D16C8}.Debug|Any CPU.Build.0 = Debug|Any CPU
		{D23061CC-9CBA-4390-8C88-647D354D16C8}.Release|Any CPU.ActiveCfg = Release|Any CPU
		{D23061CC-9CBA-4390-8C88-647D354D16C8}.Release|Any CPU.Build.0 = Release|Any CPU
		{3AA12931-28C4-41D5-8B00-DC5068FA8F5C}.Debug|Any CPU.ActiveCfg = Debug|Any CPU
		{3AA12931-28C4-41D5-8B00-DC5068FA8F5C}.Debug|Any CPU.Build.0 = Debug|Any CPU
		{3AA12931-28C4-41D5-8B00-DC5068FA8F5C}.Release|Any CPU.ActiveCfg = Release|Any CPU
		{3AA12931-28C4-41D5-8B00-DC5068FA8F5C}.Release|Any CPU.Build.0 = Release|Any CPU
	EndGlobalSection
	GlobalSection(SolutionProperties) = preSolution
		HideSolutionNode = FALSE
	EndGlobalSection
	GlobalSection(NestedProjects) = preSolution
		{D23061CC-9CBA-4390-8C88-647D354D16C8} = {60903A30-5CDF-4952-951B-C130AFCDABB1}
		{3AA12931-28C4-41D5-8B00-DC5068FA8F5C} = {66C3EC9F-54FF-41EF-8AC5-42EEF1EEF5FA}
	EndGlobalSection
	GlobalSection(ExtensibilityGlobals) = postSolution
		SolutionGuid = {DDC4EDB7-70AB-4448-ADD0-8A3970343542}
	EndGlobalSection
EndGlobal
