
Microsoft Visual Studio Solution File, Format Version 12.00
# Visual Studio 15
VisualStudioVersion = 15.0.28307.438
MinimumVisualStudioVersion = 10.0.40219.1
Project("{FAE04EC0-301F-11D3-BF4B-00C04F79EFBC}") = "CursoDesignPatterns", "CursoDesignPatterns.csproj", "{F5B21ED6-9506-4B9E-966D-1EAF2CEE9B3E}"
EndProject
Global
	GlobalSection(SolutionConfigurationPlatforms) = preSolution
		Debug|Any CPU = Debug|Any CPU
		Release|Any CPU = Release|Any CPU
	EndGlobalSection
	GlobalSection(ProjectConfigurationPlatforms) = postSolution
		{F5B21ED6-9506-4B9E-966D-1EAF2CEE9B3E}.Debug|Any CPU.ActiveCfg = Debug|Any CPU
		{F5B21ED6-9506-4B9E-966D-1EAF2CEE9B3E}.Debug|Any CPU.Build.0 = Debug|Any CPU
		{F5B21ED6-9506-4B9E-966D-1EAF2CEE9B3E}.Release|Any CPU.ActiveCfg = Release|Any CPU
		{F5B21ED6-9506-4B9E-966D-1EAF2CEE9B3E}.Release|Any CPU.Build.0 = Release|Any CPU
	EndGlobalSection
	GlobalSection(SolutionProperties) = preSolution
		HideSolutionNode = FALSE
	EndGlobalSection
	GlobalSection(ExtensibilityGlobals) = postSolution
		SolutionGuid = {AB618F6B-0921-4E71-BC8A-A347F0D66EE3}
	EndGlobalSection
EndGlobal
