
Microsoft Visual Studio Solution File, Format Version 12.00
# Visual Studio 15
VisualStudioVersion = 15.0.28307.572
MinimumVisualStudioVersion = 10.0.40219.1
Project("{FAE04EC0-301F-11D3-BF4B-00C04F79EFBC}") = "Inicial", "Inicial\Inicial.csproj", "{EAC33CD1-4EA0-412E-969A-43063CC9EA2A}"
EndProject
Global
	GlobalSection(SolutionConfigurationPlatforms) = preSolution
		Debug|Any CPU = Debug|Any CPU
		Release|Any CPU = Release|Any CPU
	EndGlobalSection
	GlobalSection(ProjectConfigurationPlatforms) = postSolution
		{EAC33CD1-4EA0-412E-969A-43063CC9EA2A}.Debug|Any CPU.ActiveCfg = Debug|Any CPU
		{EAC33CD1-4EA0-412E-969A-43063CC9EA2A}.Debug|Any CPU.Build.0 = Debug|Any CPU
		{EAC33CD1-4EA0-412E-969A-43063CC9EA2A}.Release|Any CPU.ActiveCfg = Release|Any CPU
		{EAC33CD1-4EA0-412E-969A-43063CC9EA2A}.Release|Any CPU.Build.0 = Release|Any CPU
	EndGlobalSection
	GlobalSection(SolutionProperties) = preSolution
		HideSolutionNode = FALSE
	EndGlobalSection
	GlobalSection(ExtensibilityGlobals) = postSolution
		SolutionGuid = {6A3DABCC-8D5B-4726-A3CB-4C5F0B197D42}
	EndGlobalSection
EndGlobal
